// !$*UTF8*$!
{
	archiveVersion = 1;
	classes = {
	};
	objectVersion = 77;
	objects = {

/* Begin PBXContainerItemProxy section */
		527536D72D0C66D7000795BA /* PBXContainerItemProxy */ = {
			isa = PBXContainerItemProxy;
			containerPortal = 527536B82D0C66D5000795BA /* Project object */;
			proxyType = 1;
			remoteGlobalIDString = 527536BF2D0C66D5000795BA;
			remoteInfo = VidLyzer;
		};
		527536E12D0C66D7000795BA /* PBXContainerItemProxy */ = {
			isa = PBXContainerItemProxy;
			containerPortal = 527536B82D0C66D5000795BA /* Project object */;
			proxyType = 1;
			remoteGlobalIDString = 527536BF2D0C66D5000795BA;
			remoteInfo = VidLyzer;
		};
/* End PBXContainerItemProxy section */

/* Begin PBXFileReference section */
		527536C02D0C66D5000795BA /* VidLyzer.app */ = {isa = PBXFileReference; explicitFileType = wrapper.application; includeInIndex = 0; path = VidLyzer.app; sourceTree = BUILT_PRODUCTS_DIR; };
		527536D62D0C66D7000795BA /* VidLyzerTests.xctest */ = {isa = PBXFileReference; explicitFileType = wrapper.cfbundle; includeInIndex = 0; path = VidLyzerTests.xctest; sourceTree = BUILT_PRODUCTS_DIR; };
		527536E02D0C66D7000795BA /* VidLyzerUITests.xctest */ = {isa = PBXFileReference; explicitFileType = wrapper.cfbundle; includeInIndex = 0; path = VidLyzerUITests.xctest; sourceTree = BUILT_PRODUCTS_DIR; };
/* End PBXFileReference section */

/* Begin PBXFileSystemSynchronizedBuildFileExceptionSet section */
		527536E82D0C66D7000795BA /* Exceptions for "VidLyzer" folder in "VidLyzer" target */ = {
			isa = PBXFileSystemSynchronizedBuildFileExceptionSet;
			membershipExceptions = (
				Info.plist,
			);
			target = 527536BF2D0C66D5000795BA /* VidLyzer */;
		};
/* End PBXFileSystemSynchronizedBuildFileExceptionSet section */

/* Begin PBXFileSystemSynchronizedRootGroup section */
		527536C22D0C66D5000795BA /* VidLyzer */ = {
			isa = PBXFileSystemSynchronizedRootGroup;
			exceptions = (
				527536E82D0C66D7000795BA /* Exceptions for "VidLyzer" folder in "VidLyzer" target */,
			);
			path = VidLyzer;
			sourceTree = "<group>";
		};
		527536D92D0C66D7000795BA /* VidLyzerTests */ = {
			isa = PBXFileSystemSynchronizedRootGroup;
			path = VidLyzerTests;
			sourceTree = "<group>";
		};
		527536E32D0C66D7000795BA /* VidLyzerUITests */ = {
			isa = PBXFileSystemSynchronizedRootGroup;
			path = VidLyzerUITests;
			sourceTree = "<group>";
		};
/* End PBXFileSystemSynchronizedRootGroup section */

/* Begin PBXFrameworksBuildPhase section */
		527536BD2D0C66D5000795BA /* Frameworks */ = {
			isa = PBXFrameworksBuildPhase;
			buildActionMask = 2147483647;
			files = (
			);
			runOnlyForDeploymentPostprocessing = 0;
		};
		527536D32D0C66D7000795BA /* Frameworks */ = {
			isa = PBXFrameworksBuildPhase;
			buildActionMask = 2147483647;
			files = (
			);
			runOnlyForDeploymentPostprocessing = 0;
		};
		527536DD2D0C66D7000795BA /* Frameworks */ = {
			isa = PBXFrameworksBuildPhase;
			buildActionMask = 2147483647;
			files = (
			);
			runOnlyForDeploymentPostprocessing = 0;
		};
/* End PBXFrameworksBuildPhase section */

/* Begin PBXGroup section */
		527536B72D0C66D5000795BA = {
			isa = PBXGroup;
			children = (
				527536C22D0C66D5000795BA /* VidLyzer */,
				527536D92D0C66D7000795BA /* VidLyzerTests */,
				527536E32D0C66D7000795BA /* VidLyzerUITests */,
				527536C12D0C66D5000795BA /* Products */,
			);
			sourceTree = "<group>";
		};
		527536C12D0C66D5000795BA /* Products */ = {
			isa = PBXGroup;
			children = (
				527536C02D0C66D5000795BA /* VidLyzer.app */,
				527536D62D0C66D7000795BA /* VidLyzerTests.xctest */,
				527536E02D0C66D7000795BA /* VidLyzerUITests.xctest */,
			);
			name = Products;
			sourceTree = "<group>";
		};
/* End PBXGroup section */

/* Begin PBXNativeTarget section */
		527536BF2D0C66D5000795BA /* VidLyzer */ = {
			isa = PBXNativeTarget;
			buildConfigurationList = 527536E92D0C66D7000795BA /* Build configuration list for PBXNativeTarget "VidLyzer" */;
			buildPhases = (
				527536BC2D0C66D5000795BA /* Sources */,
				527536BD2D0C66D5000795BA /* Frameworks */,
				527536BE2D0C66D5000795BA /* Resources */,
			);
			buildRules = (
			);
			dependencies = (
			);
			fileSystemSynchronizedGroups = (
				527536C22D0C66D5000795BA /* VidLyzer */,
			);
			name = VidLyzer;
			packageProductDependencies = (
			);
			productName = VidLyzer;
			productReference = 527536C02D0C66D5000795BA /* VidLyzer.app */;
			productType = "com.apple.product-type.application";
		};
		527536D52D0C66D7000795BA /* VidLyzerTests */ = {
			isa = PBXNativeTarget;
			buildConfigurationList = 527536EE2D0C66D7000795BA /* Build configuration list for PBXNativeTarget "VidLyzerTests" */;
			buildPhases = (
				527536D22D0C66D7000795BA /* Sources */,
				527536D32D0C66D7000795BA /* Frameworks */,
				527536D42D0C66D7000795BA /* Resources */,
			);
			buildRules = (
			);
			dependencies = (
				527536D82D0C66D7000795BA /* PBXTargetDependency */,
			);
			fileSystemSynchronizedGroups = (
				527536D92D0C66D7000795BA /* VidLyzerTests */,
			);
			name = VidLyzerTests;
			packageProductDependencies = (
			);
			productName = VidLyzerTests;
			productReference = 527536D62D0C66D7000795BA /* VidLyzerTests.xctest */;
			productType = "com.apple.product-type.bundle.unit-test";
		};
		527536DF2D0C66D7000795BA /* VidLyzerUITests */ = {
			isa = PBXNativeTarget;
			buildConfigurationList = 527536F12D0C66D7000795BA /* Build configuration list for PBXNativeTarget "VidLyzerUITests" */;
			buildPhases = (
				527536DC2D0C66D7000795BA /* Sources */,
				527536DD2D0C66D7000795BA /* Frameworks */,
				527536DE2D0C66D7000795BA /* Resources */,
			);
			buildRules = (
			);
			dependencies = (
				527536E22D0C66D7000795BA /* PBXTargetDependency */,
			);
			fileSystemSynchronizedGroups = (
				527536E32D0C66D7000795BA /* VidLyzerUITests */,
			);
			name = VidLyzerUITests;
			packageProductDependencies = (
			);
			productName = VidLyzerUITests;
			productReference = 527536E02D0C66D7000795BA /* VidLyzerUITests.xctest */;
			productType = "com.apple.product-type.bundle.ui-testing";
		};
/* End PBXNativeTarget section */

/* Begin PBXProject section */
		527536B82D0C66D5000795BA /* Project object */ = {
			isa = PBXProject;
			attributes = {
				BuildIndependentTargetsInParallel = 1;
				LastSwiftUpdateCheck = 1610;
				LastUpgradeCheck = 1610;
				TargetAttributes = {
					527536BF2D0C66D5000795BA = {
						CreatedOnToolsVersion = 16.1;
					};
					527536D52D0C66D7000795BA = {
						CreatedOnToolsVersion = 16.1;
						TestTargetID = 527536BF2D0C66D5000795BA;
					};
					527536DF2D0C66D7000795BA = {
						CreatedOnToolsVersion = 16.1;
						TestTargetID = 527536BF2D0C66D5000795BA;
					};
				};
			};
			buildConfigurationList = 527536BB2D0C66D5000795BA /* Build configuration list for PBXProject "VidLyzer" */;
			developmentRegion = en;
			hasScannedForEncodings = 0;
			knownRegions = (
				en,
				Base,
			);
			mainGroup = 527536B72D0C66D5000795BA;
			minimizedProjectReferenceProxies = 1;
			preferredProjectObjectVersion = 77;
			productRefGroup = 527536C12D0C66D5000795BA /* Products */;
			projectDirPath = "";
			projectRoot = "";
			targets = (
				527536BF2D0C66D5000795BA /* VidLyzer */,
				527536D52D0C66D7000795BA /* VidLyzerTests */,
				527536DF2D0C66D7000795BA /* VidLyzerUITests */,
			);
		};
/* End PBXProject section */

/* Begin PBXResourcesBuildPhase section */
		527536BE2D0C66D5000795BA /* Resources */ = {
			isa = PBXResourcesBuildPhase;
			buildActionMask = 2147483647;
			files = (
			);
			runOnlyForDeploymentPostprocessing = 0;
		};
		527536D42D0C66D7000795BA /* Resources */ = {
			isa = PBXResourcesBuildPhase;
			buildActionMask = 2147483647;
			files = (
			);
			runOnlyForDeploymentPostprocessing = 0;
		};
		527536DE2D0C66D7000795BA /* Resources */ = {
			isa = PBXResourcesBuildPhase;
			buildActionMask = 2147483647;
			files = (
			);
			runOnlyForDeploymentPostprocessing = 0;
		};
/* End PBXResourcesBuildPhase section */

/* Begin PBXSourcesBuildPhase section */
		527536BC2D0C66D5000795BA /* Sources */ = {
			isa = PBXSourcesBuildPhase;
			buildActionMask = 2147483647;
			files = (
			);
			runOnlyForDeploymentPostprocessing = 0;
		};
		527536D22D0C66D7000795BA /* Sources */ = {
			isa = PBXSourcesBuildPhase;
			buildActionMask = 2147483647;
			files = (
			);
			runOnlyForDeploymentPostprocessing = 0;
		};
		527536DC2D0C66D7000795BA /* Sources */ = {
			isa = PBXSourcesBuildPhase;
			buildActionMask = 2147483647;
			files = (
			);
			runOnlyForDeploymentPostprocessing = 0;
		};
/* End PBXSourcesBuildPhase section */

/* Begin PBXTargetDependency section */
		527536D82D0C66D7000795BA /* PBXTargetDependency */ = {
			isa = PBXTargetDependency;
			target = 527536BF2D0C66D5000795BA /* VidLyzer */;
			targetProxy = 527536D72D0C66D7000795BA /* PBXContainerItemProxy */;
		};
		527536E22D0C66D7000795BA /* PBXTargetDependency */ = {
			isa = PBXTargetDependency;
			target = 527536BF2D0C66D5000795BA /* VidLyzer */;
			targetProxy = 527536E12D0C66D7000795BA /* PBXContainerItemProxy */;
		};
/* End PBXTargetDependency section */

/* Begin XCBuildConfiguration section */
		527536EA2D0C66D7000795BA /* Debug */ = {
			isa = XCBuildConfiguration;
			buildSettings = {
				ASSETCATALOG_COMPILER_APPICON_NAME = AppIcon;
				ASSETCATALOG_COMPILER_GLOBAL_ACCENT_COLOR_NAME = AccentColor;
				CODE_SIGN_STYLE = Automatic;
				CURRENT_PROJECT_VERSION = 1;
				DEVELOPMENT_TEAM = LCYDVURN2W;
				GENERATE_INFOPLIST_FILE = YES;
				INFOPLIST_FILE = VidLyzer/Info.plist;
				INFOPLIST_KEY_UIApplicationSupportsIndirectInputEvents = YES;
				INFOPLIST_KEY_UILaunchStoryboardName = LaunchScreen;
				INFOPLIST_KEY_UIMainStoryboardFile = Main;
				INFOPLIST_KEY_UISupportedInterfaceOrientations_iPad = "UIInterfaceOrientationPortrait UIInterfaceOrientationPortraitUpsideDown UIInterfaceOrientationLandscapeLeft UIInterfaceOrientationLandscapeRight";
				INFOPLIST_KEY_UISupportedInterfaceOrientations_iPhone = "UIInterfaceOrientationPortrait UIInterfaceOrientationLandscapeLeft UIInterfaceOrientationLandscapeRight";
				IPHONEOS_DEPLOYMENT_TARGET = 15.6;
				LD_RUNPATH_SEARCH_PATHS = (
					"$(inherited)",
					"@executable_path/Frameworks",
				);
				MARKETING_VERSION = 1.0;
				PRODUCT_BUNDLE_IDENTIFIER = com.bng.hackathon.VidLyzer;
				PRODUCT_NAME = "$(TARGET_NAME)";
				SWIFT_EMIT_LOC_STRINGS = YES;
				SWIFT_VERSION = 5.0;
				TARGETED_DEVICE_FAMILY = "1,2";
			};
			name = Debug;
		};
		527536EB2D0C66D7000795BA /* Release */ = {
			isa = XCBuildConfiguration;
			buildSettings = {
				ASSETCATALOG_COMPILER_APPICON_NAME = AppIcon;
				ASSETCATALOG_COMPILER_GLOBAL_ACCENT_COLOR_NAME = AccentColor;
				CODE_SIGN_STYLE = Automatic;
				CURRENT_PROJECT_VERSION = 1;
				DEVELOPMENT_TEAM = LCYDVURN2W;
				GENERATE_INFOPLIST_FILE = YES;
				INFOPLIST_FILE = VidLyzer/Info.plist;
				INFOPLIST_KEY_UIApplicationSupportsIndirectInputEvents = YES;
				INFOPLIST_KEY_UILaunchStoryboardName = LaunchScreen;
				INFOPLIST_KEY_UIMainStoryboardFile = Main;
				INFOPLIST_KEY_UISupportedInterfaceOrientations_iPad = "UIInterfaceOrientationPortrait UIInterfaceOrientationPortraitUpsideDown UIInterfaceOrientationLandscapeLeft UIInterfaceOrientationLandscapeRight";
				INFOPLIST_KEY_UISupportedInterfaceOrientations_iPhone = "UIInterfaceOrientationPortrait UIInterfaceOrientationLandscapeLeft UIInterfaceOrientationLandscapeRight";
				IPHONEOS_DEPLOYMENT_TARGET = 15.6;
				LD_RUNPATH_SEARCH_PATHS = (
					"$(inherited)",
					"@executable_path/Frameworks",
				);
				MARKETING_VERSION = 1.0;
				PRODUCT_BUNDLE_IDENTIFIER = com.bng.hackathon.VidLyzer;
				PRODUCT_NAME = "$(TARGET_NAME)";
				SWIFT_EMIT_LOC_STRINGS = YES;
				SWIFT_VERSION = 5.0;
				TARGETED_DEVICE_FAMILY = "1,2";
			};
			name = Release;
		};
		527536EC2D0C66D7000795BA /* Debug */ = {
			isa = XCBuildConfiguration;
			buildSettings = {
				ALWAYS_SEARCH_USER_PATHS = NO;
				ASSETCATALOG_COMPILER_GENERATE_SWIFT_ASSET_SYMBOL_EXTENSIONS = YES;
				CLANG_ANALYZER_NONNULL = YES;
				CLANG_ANALYZER_NUMBER_OBJECT_CONVERSION = YES_AGGRESSIVE;
				CLANG_CXX_LANGUAGE_STANDARD = "gnu++20";
				CLANG_ENABLE_MODULES = YES;
				CLANG_ENABLE_OBJC_ARC = YES;
				CLANG_ENABLE_OBJC_WEAK = YES;
				CLANG_WARN_BLOCK_CAPTURE_AUTORELEASING = YES;
				CLANG_WARN_BOOL_CONVERSION = YES;
				CLANG_WARN_COMMA = YES;
				CLANG_WARN_CONSTANT_CONVERSION = YES;
				CLANG_WARN_DEPRECATED_OBJC_IMPLEMENTATIONS = YES;
				CLANG_WARN_DIRECT_OBJC_ISA_USAGE = YES_ERROR;
				CLANG_WARN_DOCUMENTATION_COMMENTS = YES;
				CLANG_WARN_EMPTY_BODY = YES;
				CLANG_WARN_ENUM_CONVERSION = YES;
				CLANG_WARN_INFINITE_RECURSION = YES;
				CLANG_WARN_INT_CONVERSION = YES;
				CLANG_WARN_NON_LITERAL_NULL_CONVERSION = YES;
				CLANG_WARN_OBJC_IMPLICIT_RETAIN_SELF = YES;
				CLANG_WARN_OBJC_LITERAL_CONVERSION = YES;
				CLANG_WARN_OBJC_ROOT_CLASS = YES_ERROR;
				CLANG_WARN_QUOTED_INCLUDE_IN_FRAMEWORK_HEADER = YES;
				CLANG_WARN_RANGE_LOOP_ANALYSIS = YES;
				CLANG_WARN_STRICT_PROTOTYPES = YES;
				CLANG_WARN_SUSPICIOUS_MOVE = YES;
				CLANG_WARN_UNGUARDED_AVAILABILITY = YES_AGGRESSIVE;
				CLANG_WARN_UNREACHABLE_CODE = YES;
				CLANG_WARN__DUPLICATE_METHOD_MATCH = YES;
				COPY_PHASE_STRIP = NO;
				DEBUG_INFORMATION_FORMAT = dwarf;
				ENABLE_STRICT_OBJC_MSGSEND = YES;
				ENABLE_TESTABILITY = YES;
				ENABLE_USER_SCRIPT_SANDBOXING = YES;
				GCC_C_LANGUAGE_STANDARD = gnu17;
				GCC_DYNAMIC_NO_PIC = NO;
				GCC_NO_COMMON_BLOCKS = YES;
				GCC_OPTIMIZATION_LEVEL = 0;
				GCC_PREPROCESSOR_DEFINITIONS = (
					"DEBUG=1",
					"$(inherited)",
				);
				GCC_WARN_64_TO_32_BIT_CONVERSION = YES;
				GCC_WARN_ABOUT_RETURN_TYPE = YES_ERROR;
				GCC_WARN_UNDECLARED_SELECTOR = YES;
				GCC_WARN_UNINITIALIZED_AUTOS = YES_AGGRESSIVE;
				GCC_WARN_UNUSED_FUNCTION = YES;
				GCC_WARN_UNUSED_VARIABLE = YES;
				IPHONEOS_DEPLOYMENT_TARGET = 18.1;
				LOCALIZATION_PREFERS_STRING_CATALOGS = YES;
				MTL_ENABLE_DEBUG_INFO = INCLUDE_SOURCE;
				MTL_FAST_MATH = YES;
				ONLY_ACTIVE_ARCH = YES;
				SDKROOT = iphoneos;
				SWIFT_ACTIVE_COMPILATION_CONDITIONS = "DEBUG $(inherited)";
				SWIFT_OPTIMIZATION_LEVEL = "-Onone";
			};
			name = Debug;
		};
		527536ED2D0C66D7000795BA /* Release */ = {
			isa = XCBuildConfiguration;
			buildSettings = {
				ALWAYS_SEARCH_USER_PATHS = NO;
				ASSETCATALOG_COMPILER_GENERATE_SWIFT_ASSET_SYMBOL_EXTENSIONS = YES;
				CLANG_ANALYZER_NONNULL = YES;
				CLANG_ANALYZER_NUMBER_OBJECT_CONVERSION = YES_AGGRESSIVE;
				CLANG_CXX_LANGUAGE_STANDARD = "gnu++20";
				CLANG_ENABLE_MODULES = YES;
				CLANG_ENABLE_OBJC_ARC = YES;
				CLANG_ENABLE_OBJC_WEAK = YES;
				CLANG_WARN_BLOCK_CAPTURE_AUTORELEASING = YES;
				CLANG_WARN_BOOL_CONVERSION = YES;
				CLANG_WARN_COMMA = YES;
				CLANG_WARN_CONSTANT_CONVERSION = YES;
				CLANG_WARN_DEPRECATED_OBJC_IMPLEMENTATIONS = YES;
				CLANG_WARN_DIRECT_OBJC_ISA_USAGE = YES_ERROR;
				CLANG_WARN_DOCUMENTATION_COMMENTS = YES;
				CLANG_WARN_EMPTY_BODY = YES;
				CLANG_WARN_ENUM_CONVERSION = YES;
				CLANG_WARN_INFINITE_RECURSION = YES;
				CLANG_WARN_INT_CONVERSION = YES;
				CLANG_WARN_NON_LITERAL_NULL_CONVERSION = YES;
				CLANG_WARN_OBJC_IMPLICIT_RETAIN_SELF = YES;
				CLANG_WARN_OBJC_LITERAL_CONVERSION = YES;
				CLANG_WARN_OBJC_ROOT_CLASS = YES_ERROR;
				CLANG_WARN_QUOTED_INCLUDE_IN_FRAMEWORK_HEADER = YES;
				CLANG_WARN_RANGE_LOOP_ANALYSIS = YES;
				CLANG_WARN_STRICT_PROTOTYPES = YES;
				CLANG_WARN_SUSPICIOUS_MOVE = YES;
				CLANG_WARN_UNGUARDED_AVAILABILITY = YES_AGGRESSIVE;
				CLANG_WARN_UNREACHABLE_CODE = YES;
				CLANG_WARN__DUPLICATE_METHOD_MATCH = YES;
				COPY_PHASE_STRIP = NO;
				DEBUG_INFORMATION_FORMAT = "dwarf-with-dsym";
				ENABLE_NS_ASSERTIONS = NO;
				ENABLE_STRICT_OBJC_MSGSEND = YES;
				ENABLE_USER_SCRIPT_SANDBOXING = YES;
				GCC_C_LANGUAGE_STANDARD = gnu17;
				GCC_NO_COMMON_BLOCKS = YES;
				GCC_WARN_64_TO_32_BIT_CONVERSION = YES;
				GCC_WARN_ABOUT_RETURN_TYPE = YES_ERROR;
				GCC_WARN_UNDECLARED_SELECTOR = YES;
				GCC_WARN_UNINITIALIZED_AUTOS = YES_AGGRESSIVE;
				GCC_WARN_UNUSED_FUNCTION = YES;
				GCC_WARN_UNUSED_VARIABLE = YES;
				IPHONEOS_DEPLOYMENT_TARGET = 18.1;
				LOCALIZATION_PREFERS_STRING_CATALOGS = YES;
				MTL_ENABLE_DEBUG_INFO = NO;
				MTL_FAST_MATH = YES;
				SDKROOT = iphoneos;
				SWIFT_COMPILATION_MODE = wholemodule;
				VALIDATE_PRODUCT = YES;
			};
			name = Release;
		};
		527536EF2D0C66D7000795BA /* Debug */ = {
			isa = XCBuildConfiguration;
			buildSettings = {
				BUNDLE_LOADER = "$(TEST_HOST)";
				CODE_SIGN_STYLE = Automatic;
				CURRENT_PROJECT_VERSION = 1;
				DEVELOPMENT_TEAM = LCYDVURN2W;
				GENERATE_INFOPLIST_FILE = YES;
				IPHONEOS_DEPLOYMENT_TARGET = 18.1;
				MARKETING_VERSION = 1.0;
				PRODUCT_BUNDLE_IDENTIFIER = com.bng.hackathon.VidLyzerTests;
				PRODUCT_NAME = "$(TARGET_NAME)";
				SWIFT_EMIT_LOC_STRINGS = NO;
				SWIFT_VERSION = 5.0;
				TARGETED_DEVICE_FAMILY = "1,2";
				TEST_HOST = "$(BUILT_PRODUCTS_DIR)/VidLyzer.app/$(BUNDLE_EXECUTABLE_FOLDER_PATH)/VidLyzer";
			};
			name = Debug;
		};
		527536F02D0C66D7000795BA /* Release */ = {
			isa = XCBuildConfiguration;
			buildSettings = {
				BUNDLE_LOADER = "$(TEST_HOST)";
				CODE_SIGN_STYLE = Automatic;
				CURRENT_PROJECT_VERSION = 1;
				DEVELOPMENT_TEAM = LCYDVURN2W;
				GENERATE_INFOPLIST_FILE = YES;
				IPHONEOS_DEPLOYMENT_TARGET = 18.1;
				MARKETING_VERSION = 1.0;
				PRODUCT_BUNDLE_IDENTIFIER = com.bng.hackathon.VidLyzerTests;
				PRODUCT_NAME = "$(TARGET_NAME)";
				SWIFT_EMIT_LOC_STRINGS = NO;
				SWIFT_VERSION = 5.0;
				TARGETED_DEVICE_FAMILY = "1,2";
				TEST_HOST = "$(BUILT_PRODUCTS_DIR)/VidLyzer.app/$(BUNDLE_EXECUTABLE_FOLDER_PATH)/VidLyzer";
			};
			name = Release;
		};
		527536F22D0C66D7000795BA /* Debug */ = {
			isa = XCBuildConfiguration;
			buildSettings = {
				CODE_SIGN_STYLE = Automatic;
				CURRENT_PROJECT_VERSION = 1;
				DEVELOPMENT_TEAM = LCYDVURN2W;
				GENERATE_INFOPLIST_FILE = YES;
				MARKETING_VERSION = 1.0;
				PRODUCT_BUNDLE_IDENTIFIER = com.bng.hackathon.VidLyzerUITests;
				PRODUCT_NAME = "$(TARGET_NAME)";
				SWIFT_EMIT_LOC_STRINGS = NO;
				SWIFT_VERSION = 5.0;
				TARGETED_DEVICE_FAMILY = "1,2";
				TEST_TARGET_NAME = VidLyzer;
			};
			name = Debug;
		};
		527536F32D0C66D7000795BA /* Release */ = {
			isa = XCBuildConfiguration;
			buildSettings = {
				CODE_SIGN_STYLE = Automatic;
				CURRENT_PROJECT_VERSION = 1;
				DEVELOPMENT_TEAM = LCYDVURN2W;
				GENERATE_INFOPLIST_FILE = YES;
				MARKETING_VERSION = 1.0;
				PRODUCT_BUNDLE_IDENTIFIER = com.bng.hackathon.VidLyzerUITests;
				PRODUCT_NAME = "$(TARGET_NAME)";
				SWIFT_EMIT_LOC_STRINGS = NO;
				SWIFT_VERSION = 5.0;
				TARGETED_DEVICE_FAMILY = "1,2";
				TEST_TARGET_NAME = VidLyzer;
			};
			name = Release;
		};
/* End XCBuildConfiguration section */

/* Begin XCConfigurationList section */
		527536BB2D0C66D5000795BA /* Build configuration list for PBXProject "VidLyzer" */ = {
			isa = XCConfigurationList;
			buildConfigurations = (
				527536EC2D0C66D7000795BA /* Debug */,
				527536ED2D0C66D7000795BA /* Release */,
			);
			defaultConfigurationIsVisible = 0;
			defaultConfigurationName = Release;
		};
		527536E92D0C66D7000795BA /* Build configuration list for PBXNativeTarget "VidLyzer" */ = {
			isa = XCConfigurationList;
			buildConfigurations = (
				527536EA2D0C66D7000795BA /* Debug */,
				527536EB2D0C66D7000795BA /* Release */,
			);
			defaultConfigurationIsVisible = 0;
			defaultConfigurationName = Release;
		};
		527536EE2D0C66D7000795BA /* Build configuration list for PBXNativeTarget "VidLyzerTests" */ = {
			isa = XCConfigurationList;
			buildConfigurations = (
				527536EF2D0C66D7000795BA /* Debug */,
				527536F02D0C66D7000795BA /* Release */,
			);
			defaultConfigurationIsVisible = 0;
			defaultConfigurationName = Release;
		};
		527536F12D0C66D7000795BA /* Build configuration list for PBXNativeTarget "VidLyzerUITests" */ = {
			isa = XCConfigurationList;
			buildConfigurations = (
				527536F22D0C66D7000795BA /* Debug */,
				527536F32D0C66D7000795BA /* Release */,
			);
			defaultConfigurationIsVisible = 0;
			defaultConfigurationName = Release;
		};
/* End XCConfigurationList section */
	};
	rootObject = 527536B82D0C66D5000795BA /* Project object */;
}
